
Microsoft Visual Studio Solution File, Format Version 12.00
# Visual Studio Version 16
VisualStudioVersion = 16.0.31515.178
MinimumVisualStudioVersion = 10.0.40219.1
Project("{FAE04EC0-301F-11D3-BF4B-00C04F79EFBC}") = "2_BUS_BusinessLayer", "2_BUS_BusinessLayer\2_BUS_BusinessLayer.csproj", "{F666C7AA-41BD-4960-8CCB-AD915BB651BD}"
EndProject
Project("{FAE04EC0-301F-11D3-BF4B-00C04F79EFBC}") = "1_DAL_DataAccessLayer", "1_DAL_DataAccessLayer\1_DAL_DataAccessLayer.csproj", "{E38FEDDA-4113-46B6-AAFE-7C33F3F3BBE6}"
EndProject
Project("{FAE04EC0-301F-11D3-BF4B-00C04F79EFBC}") = "3_GUI_PresentationLayer", "3_GUI_PresentationLayer\3_GUI_PresentationLayer.csproj", "{47EFD5B4-53D4-4364-9CEC-7FA1BA78F90E}"
EndProject
Global
	GlobalSection(SolutionConfigurationPlatforms) = preSolution
		Debug|Any CPU = Debug|Any CPU
		Release|Any CPU = Release|Any CPU
	EndGlobalSection
	GlobalSection(ProjectConfigurationPlatforms) = postSolution
		{F666C7AA-41BD-4960-8CCB-AD915BB651BD}.Debug|Any CPU.ActiveCfg = Debug|Any CPU
		{F666C7AA-41BD-4960-8CCB-AD915BB651BD}.Debug|Any CPU.Build.0 = Debug|Any CPU
		{F666C7AA-41BD-4960-8CCB-AD915BB651BD}.Release|Any CPU.ActiveCfg = Release|Any CPU
		{F666C7AA-41BD-4960-8CCB-AD915BB651BD}.Release|Any CPU.Build.0 = Release|Any CPU
		{E38FEDDA-4113-46B6-AAFE-7C33F3F3BBE6}.Debug|Any CPU.ActiveCfg = Debug|Any CPU
		{E38FEDDA-4113-46B6-AAFE-7C33F3F3BBE6}.Debug|Any CPU.Build.0 = Debug|Any CPU
		{E38FEDDA-4113-46B6-AAFE-7C33F3F3BBE6}.Release|Any CPU.ActiveCfg = Release|Any CPU
		{E38FEDDA-4113-46B6-AAFE-7C33F3F3BBE6}.Release|Any CPU.Build.0 = Release|Any CPU
		{47EFD5B4-53D4-4364-9CEC-7FA1BA78F90E}.Debug|Any CPU.ActiveCfg = Debug|Any CPU
		{47EFD5B4-53D4-4364-9CEC-7FA1BA78F90E}.Debug|Any CPU.Build.0 = Debug|Any CPU
		{47EFD5B4-53D4-4364-9CEC-7FA1BA78F90E}.Release|Any CPU.ActiveCfg = Release|Any CPU
		{47EFD5B4-53D4-4364-9CEC-7FA1BA78F90E}.Release|Any CPU.Build.0 = Release|Any CPU
	EndGlobalSection
	GlobalSection(SolutionProperties) = preSolution
		HideSolutionNode = FALSE
	EndGlobalSection
	GlobalSection(ExtensibilityGlobals) = postSolution
		SolutionGuid = {4EE6AEC0-8996-4E8D-82F3-B84E94534BF6}
	EndGlobalSection
EndGlobal
